
Microsoft Visual Studio Solution File, Format Version 12.00
# Visual Studio 2012
Project("{FAE04EC0-301F-11D3-BF4B-00C04F79EFBC}") = "UsingEFMVCwebAPI", "UsingEFMVCwebAPI\UsingEFMVCwebAPI.csproj", "{0420761C-4698-4A84-BC3D-2DBF4C824AFA}"
EndProject
Global
	GlobalSection(SolutionConfigurationPlatforms) = preSolution
		Debug|Any CPU = Debug|Any CPU
		Release|Any CPU = Release|Any CPU
	EndGlobalSection
	GlobalSection(ProjectConfigurationPlatforms) = postSolution
		{0420761C-4698-4A84-BC3D-2DBF4C824AFA}.Debug|Any CPU.ActiveCfg = Debug|Any CPU
		{0420761C-4698-4A84-BC3D-2DBF4C824AFA}.Debug|Any CPU.Build.0 = Debug|Any CPU
		{0420761C-4698-4A84-BC3D-2DBF4C824AFA}.Release|Any CPU.ActiveCfg = Release|Any CPU
		{0420761C-4698-4A84-BC3D-2DBF4C824AFA}.Release|Any CPU.Build.0 = Release|Any CPU
	EndGlobalSection
	GlobalSection(SolutionProperties) = preSolution
		HideSolutionNode = FALSE
	EndGlobalSection
EndGlobal
